{
  "name": "vuehooks",
  "version": "1.0.0",
  "lockfileVersion": 1,
  "requires": true,
  "dependencies": {
    "vue-hooks": {
      "version": "0.3.2",
      "resolved": "https://registry.npmjs.org/vue-hooks/-/vue-hooks-0.3.2.tgz",
      "integrity": "sha512-yLNLPdEjtSNbGCICajRRJ6JcYNbQK3jvfr8PPpB4Tg0+9hBNaRk50+ZYNtlAy7xXBGLHbR8/h2Gjao5SZYZW4w=="
    }
  }
}
